
Microsoft Visual Studio Solution File, Format Version 12.00
# Visual Studio 2012
Project("{8BC9CEB8-8B4A-11D0-8D11-00A0C91BC942}") = "pa1", "pa1.vcxproj", "{D933A792-F789-4E64-A7E5-29A3C79FE581}"
EndProject
Global
	GlobalSection(SolutionConfigurationPlatforms) = preSolution
		Debug|Win32 = Debug|Win32
		Release|Win32 = Release|Win32
	EndGlobalSection
	GlobalSection(ProjectConfigurationPlatforms) = postSolution
		{D933A792-F789-4E64-A7E5-29A3C79FE581}.Debug|Win32.ActiveCfg = Debug|Win32
		{D933A792-F789-4E64-A7E5-29A3C79FE581}.Debug|Win32.Build.0 = Debug|Win32
		{D933A792-F789-4E64-A7E5-29A3C79FE581}.Release|Win32.ActiveCfg = Release|Win32
		{D933A792-F789-4E64-A7E5-29A3C79FE581}.Release|Win32.Build.0 = Release|Win32
	EndGlobalSection
	GlobalSection(SolutionProperties) = preSolution
		HideSolutionNode = FALSE
	EndGlobalSection
EndGlobal
