
Microsoft Visual Studio Solution File, Format Version 12.00
# Visual Studio 2012
Project("{8BC9CEB8-8B4A-11D0-8D11-00A0C91BC942}") = "Johnston_05", "Johnston_05.vcxproj", "{49EB05CA-EC27-413C-A34B-463795380796}"
EndProject
Global
	GlobalSection(SolutionConfigurationPlatforms) = preSolution
		Debug|Win32 = Debug|Win32
		Release|Win32 = Release|Win32
	EndGlobalSection
	GlobalSection(ProjectConfigurationPlatforms) = postSolution
		{49EB05CA-EC27-413C-A34B-463795380796}.Debug|Win32.ActiveCfg = Debug|Win32
		{49EB05CA-EC27-413C-A34B-463795380796}.Debug|Win32.Build.0 = Debug|Win32
		{49EB05CA-EC27-413C-A34B-463795380796}.Release|Win32.ActiveCfg = Release|Win32
		{49EB05CA-EC27-413C-A34B-463795380796}.Release|Win32.Build.0 = Release|Win32
	EndGlobalSection
	GlobalSection(SolutionProperties) = preSolution
		HideSolutionNode = FALSE
	EndGlobalSection
EndGlobal
